github.com/davecgh/go-spew v1.1.0/go.mod h1:J7Y8YcW2NihsgmVo/mv3lAwl/skON4iLHjSsI+c5H38=
github.com/davecgh/go-spew v1.1.1 h1:vj9j/u1bqnvCEfJOwUhtlOARqs3+rkHYY13jYWTU97c=
github.com/davecgh/go-spew v1.1.1/go.mod h1:J7Y8YcW2NihsgmVo/mv3lAwl/skON4iLHjSsI+c5H38=
github.com/go-audio/aiff v0.0.0-20180403003018-6c3a8a6aff12/go.mod h1:AMSAp6W1zd0koOdX6QDgGIuBDTUvLa2SLQtm7d9eM3c=
github.com/go-audio/audio v0.0.0-20180206231410-b697a35b5608/go.mod h1:6uAu0+H2lHkwdGsAY+j2wHPNPpPoeg5AaEFh9FlA+Zs=
github.com/go-audio/audio v0.0.0-20181013203223-7b2a6ca21480 h1:4sGU+UABMMsRJyD+Y2yzMYxq0GJFUsRRESI0P1gZ2ig=
github.com/go-audio/audio v0.0.0-20181013203223-7b2a6ca21480/go.mod h1:6uAu0+H2lHkwdGsAY+j2wHPNPpPoeg5AaEFh9FlA+Zs=
github.com/go-audio/wav v0.0.0-20181013172942-de841e69b884 h1:2TaXIaVA4ff/MHHezOj83tCypALTFAcXOImcFWNa3jw=
github.com/go-audio/wav v0.0.0-20181013172942-de841e69b884/go.mod h1:UiqzUyfX0zs3pJ/DPyvS5v8sN6s5bXPUDDIVA5v8dks=
github.com/gopherjs/gopherjs v0.0.0-20180628210949-0892b62f0d9f/go.mod h1:wJfORRmW1u3UXTncJ5qlYoELFm8eSnnEO6hX4iZ3EWY=
github.com/gopherjs/gopherwasm v0.1.1/go.mod h1:kx4n9a+MzHH0BJJhvlsQ65hqLFXDO/m256AsaDPQ+/4=
github.com/hajimehoshi/go-mp3 v0.1.2-0.20190320035123-7ecd8b4c099d h1:Q1t8QzklfyMNB7BxgKhPjocryj8+eChzZL4J3v9oH7I=
github.com/hajimehoshi/go-mp3 v0.1.2-0.20190320035123-7ecd8b4c099d/go.mod h1:4i+c5pDNKDrxl1iu9iG90/+fhP37lio6gNhjCx9WBJw=
github.com/hajimehoshi/oto v0.1.1/go.mod h1:hUiLWeBQnbDu4pZsAhOnGqMI1ZGibS6e2qhQdfpwz04=
github.com/inconshreveable/mousetrap v1.0.0 h1:Z8tu5sraLXCXIcARxBp/8cbvlwVa7Z1NHg9XEKhtSvM=
github.com/inconshreveable/mousetrap v1.0.0/go.mod h1:PxqpIevigyE2G7u3NXJIT2ANytuPF1OarO4DADm73n8=
github.com/mattetti/audio v0.0.0-20180912171649-01576cde1f21 h1:Hc1iKlyxNHp3CV59G2E/qabUkHvEwOIJxDK0CJ7CRjA=
github.com/mattetti/audio v0.0.0-20180912171649-01576cde1f21/go.mod h1:LlQmBGkOuV/SKzEDXBPKauvN2UqCgzXO2XjecTGj40s=
github.com/pipelined/mock v0.0.0-20190217150724-87db8bf19cf0 h1:fuXR+EClun6PS6seq7qRYal4yM9pLpG2AU1VrSveQzg=
github.com/pipelined/mock v0.0.0-20190217150724-87db8bf19cf0/go.mod h1:/1j1qKtUhE/iC8c+oM4QGbGAYOlgVji/Ux+XM+3sqes=
github.com/pipelined/mock v0.0.0-20190416005704-852ac2fd22a9 h1:OKF1OsTU0uv3uL0cbXIfq/6Zaq/w51R56PUEu3acOCY=
github.com/pipelined/mock v0.0.0-20190416005704-852ac2fd22a9/go.mod h1:+JPzyIiyEUViZdflX90PfJkL52CA1iaGMTRleVKeE8E=
github.com/pipelined/mp3 v0.0.0-20190328061808-a2441113348b h1:/mvbcOP0QWFTFl32Kha5ahjxnE4KHd0QoUW/LH2F4GE=
github.com/pipelined/mp3 v0.0.0-20190328061808-a2441113348b/go.mod h1:WV8uutoO8eGdMtX3/RGRUTSNj+n8V576S6f4uY8iwTA=
github.com/pipelined/pipe v0.4.0 h1:rLosr47z7lQWz1eMZMhAOg7cXLzpV5AKsbBqwHsHEvk=
github.com/pipelined/pipe v0.4.0/go.mod h1:6xa6zO+iJDIAuYgSu8oH49/aiDRog9GGe2N9EEODD+g=
github.com/pipelined/signal v0.0.0-20190214071912-fe6a394c0dc2/go.mod h1:2hObqg30KY6FBiLwiO5kvSui/3C2XWCks06RD/A1m7I=
github.com/pipelined/signal v0.0.0-20190225175958-4cd224292fb5/go.mod h1:2hObqg30KY6FBiLwiO5kvSui/3C2XWCks06RD/A1m7I=
github.com/pipelined/signal v0.0.0-20190303105250-40bacde8022c h1:wzN7V6CRCVBwCIJ/sJ1JDsW2smq7GHpeDvUgb2H/GOY=
github.com/pipelined/signal v0.0.0-20190303105250-40bacde8022c/go.mod h1:2hObqg30KY6FBiLwiO5kvSui/3C2XWCks06RD/A1m7I=
github.com/pipelined/wav v0.0.0-20190325201312-7b36fae928f4 h1:SgqbT/avlv48FNycyOLKBnnfiW2uIrXg1QsdE6YP8Z8=
github.com/pipelined/wav v0.0.0-20190325201312-7b36fae928f4/go.mod h1:l4uU3Tc2CJCH7H3o+RvxtqjsYjIX6VHclwP4r7GjBo0=
github.com/pmezard/go-difflib v1.0.0 h1:4DBwDE0NGyQoBHbLQYPwSUPoCMWR5BEzIk/f1lZbAQM=
github.com/pmezard/go-difflib v1.0.0/go.mod h1:iKH77koFhYxTK1pcRnkKkqfTogsbg7gZNVY4sRDYZ/4=
github.com/rs/xid v1.2.1 h1:mhH9Nq+C1fY2l1XIpgxIiUOfNpRBYH1kKcr+qfKgjRc=
github.com/rs/xid v1.2.1/go.mod h1:+uKXf+4Djp6Md1KODXJxgGQPKngRmWyn10oCKFzNHOQ=
github.com/spf13/cobra v0.0.3 h1:ZlrZ4XsMRm04Fr5pSFxBgfND2EBVa1nLpiy1stUsX/8=
github.com/spf13/cobra v0.0.3/go.mod h1:1l0Ry5zgKvJasoi3XT1TypsSe7PqH0Sj9dhYf7v3XqQ=
github.com/spf13/pflag v1.0.3 h1:zPAT6CGy6wXeQ7NtTnaTerfKOsV6V6F8agHXFiazDkg=
github.com/spf13/pflag v1.0.3/go.mod h1:DYY7MBk1bdzusC3SYhjObp+wFpr4gzcvqqNjLnInEg4=
github.com/stretchr/objx v0.1.0/go.mod h1:HFkY916IF+rwdDfMAkV7OtwuqBVzrE8GR6GFx+wExME=
github.com/stretchr/testify v1.3.0 h1:TivCn/peBQ7UY8ooIcPgZFpTNSz0Q2U6UrFlUfqbe0Q=
github.com/stretchr/testify v1.3.0/go.mod h1:M5WIy9Dh21IEIfnGCwXGc5bZfKNJtfHm1UVUgZn+9EI=
github.com/viert/lame v0.0.0-20190220082140-eeec2ae207a2 h1:iqP56Cr9P8D5A9JTP9mODkCAUyzRqhtdySwGq6FegYY=
github.com/viert/lame v0.0.0-20190220082140-eeec2ae207a2/go.mod h1:iTcgj2s0jGfKkwHeeiNeBBZyNsW+GaK+B8IzbSvOu2w=
go.uber.org/goleak v0.10.0 h1:G3eWbSNIskeRqtsN/1uI5B+eP73y3JUuBsv9AZjehb4=
go.uber.org/goleak v0.10.0/go.mod h1:VCZuO8V8mFPlL0F5J5GK1rtHV3DrFcQ1R8ryq7FK0aI=
golang.org/x/crypto v0.0.0-20190308221718-c2843e01d9a2/go.mod h1:djNgcEr1/C05ACkg1iLfiJU5Ep61QUkGW8qpdssI0+w=
golang.org/x/net v0.0.0-20190311183353-d8887717615a/go.mod h1:t9HGtf8HONx5eT2rtn7q6eTqICYqUVnKs3thJo3Qplg=
golang.org/x/sys v0.0.0-20190215142949-d0b11bdaac8a/go.mod h1:STP8DvDyc/dI5b8T5hshtkjS+E42TnysNCUPdjciGhY=
golang.org/x/text v0.3.0/go.mod h1:NqM8EUOU14njkJ3fqMW+pc6Ldnwhi/IjpwHt7yyuwOQ=
golang.org/x/tools v0.0.0-20190408220357-e5b8258f4918/go.mod h1:LCzVGOaR6xXOjkQ3onu1FJEFr0SW1gC7cKk1uF8kGRs=
